
Microsoft Visual Studio Solution File, Format Version 12.00
# Visual Studio Version 17
VisualStudioVersion = 17.13.35825.156 d17.13
MinimumVisualStudioVersion = 10.0.40219.1
Project("{FAE04EC0-301F-11D3-BF4B-00C04F79EFBC}") = "Switch Controller", "Switch Controller.csproj", "{68382E2A-E4DE-4572-96A3-2E73E244B39E}"
EndProject
Global
	GlobalSection(SolutionConfigurationPlatforms) = preSolution
		Debug|Any CPU = Debug|Any CPU
		Release|Any CPU = Release|Any CPU
	EndGlobalSection
	GlobalSection(ProjectConfigurationPlatforms) = postSolution
		{68382E2A-E4DE-4572-96A3-2E73E244B39E}.Debug|Any CPU.ActiveCfg = Debug|Any CPU
		{68382E2A-E4DE-4572-96A3-2E73E244B39E}.Debug|Any CPU.Build.0 = Debug|Any CPU
		{68382E2A-E4DE-4572-96A3-2E73E244B39E}.Release|Any CPU.ActiveCfg = Release|Any CPU
		{68382E2A-E4DE-4572-96A3-2E73E244B39E}.Release|Any CPU.Build.0 = Release|Any CPU
	EndGlobalSection
	GlobalSection(SolutionProperties) = preSolution
		HideSolutionNode = FALSE
	EndGlobalSection
	GlobalSection(ExtensibilityGlobals) = postSolution
		SolutionGuid = {9341C3A1-0FCD-48E0-860D-69340EAE49B9}
	EndGlobalSection
EndGlobal
